
Microsoft Visual Studio Solution File, Format Version 12.00
# Visual Studio Version 17
VisualStudioVersion = 17.14.36414.22 d17.14
MinimumVisualStudioVersion = 10.0.40219.1
Project("{FAE04EC0-301F-11D3-BF4B-00C04F79EFBC}") = "AiDungeonMaster.Api", "AiDungeonMaster.Api\AiDungeonMaster.Api.csproj", "{0E6CE4CF-4713-4D59-98F9-E5D22E1D9420}"
EndProject
Global
	GlobalSection(SolutionConfigurationPlatforms) = preSolution
		Debug|Any CPU = Debug|Any CPU
		Release|Any CPU = Release|Any CPU
	EndGlobalSection
	GlobalSection(ProjectConfigurationPlatforms) = postSolution
		{0E6CE4CF-4713-4D59-98F9-E5D22E1D9420}.Debug|Any CPU.ActiveCfg = Debug|Any CPU
		{0E6CE4CF-4713-4D59-98F9-E5D22E1D9420}.Debug|Any CPU.Build.0 = Debug|Any CPU
		{0E6CE4CF-4713-4D59-98F9-E5D22E1D9420}.Release|Any CPU.ActiveCfg = Release|Any CPU
		{0E6CE4CF-4713-4D59-98F9-E5D22E1D9420}.Release|Any CPU.Build.0 = Release|Any CPU
	EndGlobalSection
	GlobalSection(SolutionProperties) = preSolution
		HideSolutionNode = FALSE
	EndGlobalSection
	GlobalSection(ExtensibilityGlobals) = postSolution
		SolutionGuid = {D195A7BC-FE01-4803-856A-CF1B8FB934F3}
	EndGlobalSection
EndGlobal
